
Microsoft Visual Studio Solution File, Format Version 12.00
# Visual Studio Version 17
VisualStudioVersion = 17.5.002.0
MinimumVisualStudioVersion = 10.0.40219.1
Project("{9A19103F-16F7-4668-BE54-9A1E7A4F7556}") = "MYASPCORENETAPP", "MYASPCORENETAPP\MYASPCORENETAPP.csproj", "{91335CE0-2D1F-43C8-855F-B1FA051D1DBD}"
EndProject
Global
	GlobalSection(SolutionConfigurationPlatforms) = preSolution
		Debug|Any CPU = Debug|Any CPU
		Release|Any CPU = Release|Any CPU
	EndGlobalSection
	GlobalSection(ProjectConfigurationPlatforms) = postSolution
		{91335CE0-2D1F-43C8-855F-B1FA051D1DBD}.Debug|Any CPU.ActiveCfg = Debug|Any CPU
		{91335CE0-2D1F-43C8-855F-B1FA051D1DBD}.Debug|Any CPU.Build.0 = Debug|Any CPU
		{91335CE0-2D1F-43C8-855F-B1FA051D1DBD}.Release|Any CPU.ActiveCfg = Release|Any CPU
		{91335CE0-2D1F-43C8-855F-B1FA051D1DBD}.Release|Any CPU.Build.0 = Release|Any CPU
	EndGlobalSection
	GlobalSection(SolutionProperties) = preSolution
		HideSolutionNode = FALSE
	EndGlobalSection
	GlobalSection(ExtensibilityGlobals) = postSolution
		SolutionGuid = {C2947076-4BD6-44D0-9AFB-1E8F4B7A043B}
	EndGlobalSection
EndGlobal
